// !$*UTF8*$!
{
	archiveVersion = 1;
	classes = {
	};
	objectVersion = 48;
	objects = {

/* Begin PBXBuildFile section */
		C63ACCAD1F9F83500021E849 /* AppDelegate.swift in Sources */ = {isa = PBXBuildFile; fileRef = C63ACCAC1F9F83500021E849 /* AppDelegate.swift */; };
		C63ACCAF1F9F83510021E849 /* ViewController.swift in Sources */ = {isa = PBXBuildFile; fileRef = C63ACCAE1F9F83510021E849 /* ViewController.swift */; };
		C63ACCB21F9F83510021E849 /* Main.storyboard in Resources */ = {isa = PBXBuildFile; fileRef = C63ACCB01F9F83510021E849 /* Main.storyboard */; };
		C63ACCB41F9F83510021E849 /* Assets.xcassets in Resources */ = {isa = PBXBuildFile; fileRef = C63ACCB31F9F83510021E849 /* Assets.xcassets */; };
		C63ACCB71F9F83520021E849 /* LaunchScreen.storyboard in Resources */ = {isa = PBXBuildFile; fileRef = C63ACCB51F9F83520021E849 /* LaunchScreen.storyboard */; };
		C63ACCC21F9F83520021E849 /* Fleisig_Clara_cardWarTests.swift in Sources */ = {isa = PBXBuildFile; fileRef = C63ACCC11F9F83520021E849 /* Fleisig_Clara_cardWarTests.swift */; };
		C63ACCCD1F9F83520021E849 /* Fleisig_Clara_cardWarUITests.swift in Sources */ = {isa = PBXBuildFile; fileRef = C63ACCCC1F9F83520021E849 /* Fleisig_Clara_cardWarUITests.swift */; };
/* End PBXBuildFile section */

/* Begin PBXContainerItemProxy section */
		C63ACCBE1F9F83520021E849 /* PBXContainerItemProxy */ = {
			isa = PBXContainerItemProxy;
			containerPortal = C63ACCA11F9F834E0021E849 /* Project object */;
			proxyType = 1;
			remoteGlobalIDString = C63ACCA81F9F834E0021E849;
			remoteInfo = Fleisig_Clara_cardWar;
		};
		C63ACCC91F9F83520021E849 /* PBXContainerItemProxy */ = {
			isa = PBXContainerItemProxy;
			containerPortal = C63ACCA11F9F834E0021E849 /* Project object */;
			proxyType = 1;
			remoteGlobalIDString = C63ACCA81F9F834E0021E849;
			remoteInfo = Fleisig_Clara_cardWar;
		};
/* End PBXContainerItemProxy section */

/* Begin PBXFileReference section */
		C63ACCA91F9F834F0021E849 /* Fleisig_Clara_cardWar.app */ = {isa = PBXFileReference; explicitFileType = wrapper.application; includeInIndex = 0; path = Fleisig_Clara_cardWar.app; sourceTree = BUILT_PRODUCTS_DIR; };
		C63ACCAC1F9F83500021E849 /* AppDelegate.swift */ = {isa = PBXFileReference; lastKnownFileType = sourcecode.swift; path = AppDelegate.swift; sourceTree = "<group>"; };
		C63ACCAE1F9F83510021E849 /* ViewController.swift */ = {isa = PBXFileReference; lastKnownFileType = sourcecode.swift; path = ViewController.swift; sourceTree = "<group>"; };
		C63ACCB11F9F83510021E849 /* Base */ = {isa = PBXFileReference; lastKnownFileType = file.storyboard; name = Base; path = Base.lproj/Main.storyboard; sourceTree = "<group>"; };
		C63ACCB31F9F83510021E849 /* Assets.xcassets */ = {isa = PBXFileReference; lastKnownFileType = folder.assetcatalog; path = Assets.xcassets; sourceTree = "<group>"; };
		C63ACCB61F9F83520021E849 /* Base */ = {isa = PBXFileReference; lastKnownFileType = file.storyboard; name = Base; path = Base.lproj/LaunchScreen.storyboard; sourceTree = "<group>"; };
		C63ACCB81F9F83520021E849 /* Info.plist */ = {isa = PBXFileReference; lastKnownFileType = text.plist.xml; path = Info.plist; sourceTree = "<group>"; };
		C63ACCBD1F9F83520021E849 /* Fleisig_Clara_cardWarTests.xctest */ = {isa = PBXFileReference; explicitFileType = wrapper.cfbundle; includeInIndex = 0; path = Fleisig_Clara_cardWarTests.xctest; sourceTree = BUILT_PRODUCTS_DIR; };
		C63ACCC11F9F83520021E849 /* Fleisig_Clara_cardWarTests.swift */ = {isa = PBXFileReference; lastKnownFileType = sourcecode.swift; path = Fleisig_Clara_cardWarTests.swift; sourceTree = "<group>"; };
		C63ACCC31F9F83520021E849 /* Info.plist */ = {isa = PBXFileReference; lastKnownFileType = text.plist.xml; path = Info.plist; sourceTree = "<group>"; };
		C63ACCC81F9F83520021E849 /* Fleisig_Clara_cardWarUITests.xctest */ = {isa = PBXFileReference; explicitFileType = wrapper.cfbundle; includeInIndex = 0; path = Fleisig_Clara_cardWarUITests.xctest; sourceTree = BUILT_PRODUCTS_DIR; };
		C63ACCCC1F9F83520021E849 /* Fleisig_Clara_cardWarUITests.swift */ = {isa = PBXFileReference; lastKnownFileType = sourcecode.swift; path = Fleisig_Clara_cardWarUITests.swift; sourceTree = "<group>"; };
		C63ACCCE1F9F83520021E849 /* Info.plist */ = {isa = PBXFileReference; lastKnownFileType = text.plist.xml; path = Info.plist; sourceTree = "<group>"; };
/* End PBXFileReference section */

/* Begin PBXFrameworksBuildPhase section */
		C63ACCA61F9F834E0021E849 /* Frameworks */ = {
			isa = PBXFrameworksBuildPhase;
			buildActionMask = 2147483647;
			files = (
			);
			runOnlyForDeploymentPostprocessing = 0;
		};
		C63ACCBA1F9F83520021E849 /* Frameworks */ = {
			isa = PBXFrameworksBuildPhase;
			buildActionMask = 2147483647;
			files = (
			);
			runOnlyForDeploymentPostprocessing = 0;
		};
		C63ACCC51F9F83520021E849 /* Frameworks */ = {
			isa = PBXFrameworksBuildPhase;
			buildActionMask = 2147483647;
			files = (
			);
			runOnlyForDeploymentPostprocessing = 0;
		};
/* End PBXFrameworksBuildPhase section */

/* Begin PBXGroup section */
		C63ACCA01F9F834D0021E849 = {
			isa = PBXGroup;
			children = (
				C63ACCAB1F9F834F0021E849 /* Fleisig_Clara_cardWar */,
				C63ACCC01F9F83520021E849 /* Fleisig_Clara_cardWarTests */,
				C63ACCCB1F9F83520021E849 /* Fleisig_Clara_cardWarUITests */,
				C63ACCAA1F9F834F0021E849 /* Products */,
			);
			sourceTree = "<group>";
		};
		C63ACCAA1F9F834F0021E849 /* Products */ = {
			isa = PBXGroup;
			children = (
				C63ACCA91F9F834F0021E849 /* Fleisig_Clara_cardWar.app */,
				C63ACCBD1F9F83520021E849 /* Fleisig_Clara_cardWarTests.xctest */,
				C63ACCC81F9F83520021E849 /* Fleisig_Clara_cardWarUITests.xctest */,
			);
			name = Products;
			sourceTree = "<group>";
		};
		C63ACCAB1F9F834F0021E849 /* Fleisig_Clara_cardWar */ = {
			isa = PBXGroup;
			children = (
				C63ACCAC1F9F83500021E849 /* AppDelegate.swift */,
				C63ACCAE1F9F83510021E849 /* ViewController.swift */,
				C63ACCB01F9F83510021E849 /* Main.storyboard */,
				C63ACCB31F9F83510021E849 /* Assets.xcassets */,
				C63ACCB51F9F83520021E849 /* LaunchScreen.storyboard */,
				C63ACCB81F9F83520021E849 /* Info.plist */,
			);
			path = Fleisig_Clara_cardWar;
			sourceTree = "<group>";
		};
		C63ACCC01F9F83520021E849 /* Fleisig_Clara_cardWarTests */ = {
			isa = PBXGroup;
			children = (
				C63ACCC11F9F83520021E849 /* Fleisig_Clara_cardWarTests.swift */,
				C63ACCC31F9F83520021E849 /* Info.plist */,
			);
			path = Fleisig_Clara_cardWarTests;
			sourceTree = "<group>";
		};
		C63ACCCB1F9F83520021E849 /* Fleisig_Clara_cardWarUITests */ = {
			isa = PBXGroup;
			children = (
				C63ACCCC1F9F83520021E849 /* Fleisig_Clara_cardWarUITests.swift */,
				C63ACCCE1F9F83520021E849 /* Info.plist */,
			);
			path = Fleisig_Clara_cardWarUITests;
			sourceTree = "<group>";
		};
/* End PBXGroup section */

/* Begin PBXNativeTarget section */
		C63ACCA81F9F834E0021E849 /* Fleisig_Clara_cardWar */ = {
			isa = PBXNativeTarget;
			buildConfigurationList = C63ACCD11F9F83520021E849 /* Build configuration list for PBXNativeTarget "Fleisig_Clara_cardWar" */;
			buildPhases = (
				C63ACCA51F9F834E0021E849 /* Sources */,
				C63ACCA61F9F834E0021E849 /* Frameworks */,
				C63ACCA71F9F834E0021E849 /* Resources */,
			);
			buildRules = (
			);
			dependencies = (
			);
			name = Fleisig_Clara_cardWar;
			productName = Fleisig_Clara_cardWar;
			productReference = C63ACCA91F9F834F0021E849 /* Fleisig_Clara_cardWar.app */;
			productType = "com.apple.product-type.application";
		};
		C63ACCBC1F9F83520021E849 /* Fleisig_Clara_cardWarTests */ = {
			isa = PBXNativeTarget;
			buildConfigurationList = C63ACCD41F9F83520021E849 /* Build configuration list for PBXNativeTarget "Fleisig_Clara_cardWarTests" */;
			buildPhases = (
				C63ACCB91F9F83520021E849 /* Sources */,
				C63ACCBA1F9F83520021E849 /* Frameworks */,
				C63ACCBB1F9F83520021E849 /* Resources */,
			);
			buildRules = (
			);
			dependencies = (
				C63ACCBF1F9F83520021E849 /* PBXTargetDependency */,
			);
			name = Fleisig_Clara_cardWarTests;
			productName = Fleisig_Clara_cardWarTests;
			productReference = C63ACCBD1F9F83520021E849 /* Fleisig_Clara_cardWarTests.xctest */;
			productType = "com.apple.product-type.bundle.unit-test";
		};
		C63ACCC71F9F83520021E849 /* Fleisig_Clara_cardWarUITests */ = {
			isa = PBXNativeTarget;
			buildConfigurationList = C63ACCD71F9F83520021E849 /* Build configuration list for PBXNativeTarget "Fleisig_Clara_cardWarUITests" */;
			buildPhases = (
				C63ACCC41F9F83520021E849 /* Sources */,
				C63ACCC51F9F83520021E849 /* Frameworks */,
				C63ACCC61F9F83520021E849 /* Resources */,
			);
			buildRules = (
			);
			dependencies = (
				C63ACCCA1F9F83520021E849 /* PBXTargetDependency */,
			);
			name = Fleisig_Clara_cardWarUITests;
			productName = Fleisig_Clara_cardWarUITests;
			productReference = C63ACCC81F9F83520021E849 /* Fleisig_Clara_cardWarUITests.xctest */;
			productType = "com.apple.product-type.bundle.ui-testing";
		};
/* End PBXNativeTarget section */

/* Begin PBXProject section */
		C63ACCA11F9F834E0021E849 /* Project object */ = {
			isa = PBXProject;
			attributes = {
				LastSwiftUpdateCheck = 0900;
				LastUpgradeCheck = 0900;
				ORGANIZATIONNAME = "Period One";
				TargetAttributes = {
					C63ACCA81F9F834E0021E849 = {
						CreatedOnToolsVersion = 9.0;
						ProvisioningStyle = Automatic;
					};
					C63ACCBC1F9F83520021E849 = {
						CreatedOnToolsVersion = 9.0;
						ProvisioningStyle = Automatic;
						TestTargetID = C63ACCA81F9F834E0021E849;
					};
					C63ACCC71F9F83520021E849 = {
						CreatedOnToolsVersion = 9.0;
						ProvisioningStyle = Automatic;
						TestTargetID = C63ACCA81F9F834E0021E849;
					};
				};
			};
			buildConfigurationList = C63ACCA41F9F834E0021E849 /* Build configuration list for PBXProject "Fleisig_Clara_cardWar" */;
			compatibilityVersion = "Xcode 8.0";
			developmentRegion = en;
			hasScannedForEncodings = 0;
			knownRegions = (
				en,
				Base,
			);
			mainGroup = C63ACCA01F9F834D0021E849;
			productRefGroup = C63ACCAA1F9F834F0021E849 /* Products */;
			projectDirPath = "";
			projectRoot = "";
			targets = (
				C63ACCA81F9F834E0021E849 /* Fleisig_Clara_cardWar */,
				C63ACCBC1F9F83520021E849 /* Fleisig_Clara_cardWarTests */,
				C63ACCC71F9F83520021E849 /* Fleisig_Clara_cardWarUITests */,
			);
		};
/* End PBXProject section */

/* Begin PBXResourcesBuildPhase section */
		C63ACCA71F9F834E0021E849 /* Resources */ = {
			isa = PBXResourcesBuildPhase;
			buildActionMask = 2147483647;
			files = (
				C63ACCB71F9F83520021E849 /* LaunchScreen.storyboard in Resources */,
				C63ACCB41F9F83510021E849 /* Assets.xcassets in Resources */,
				C63ACCB21F9F83510021E849 /* Main.storyboard in Resources */,
			);
			runOnlyForDeploymentPostprocessing = 0;
		};
		C63ACCBB1F9F83520021E849 /* Resources */ = {
			isa = PBXResourcesBuildPhase;
			buildActionMask = 2147483647;
			files = (
			);
			runOnlyForDeploymentPostprocessing = 0;
		};
		C63ACCC61F9F83520021E849 /* Resources */ = {
			isa = PBXResourcesBuildPhase;
			buildActionMask = 2147483647;
			files = (
			);
			runOnlyForDeploymentPostprocessing = 0;
		};
/* End PBXResourcesBuildPhase section */

/* Begin PBXSourcesBuildPhase section */
		C63ACCA51F9F834E0021E849 /* Sources */ = {
			isa = PBXSourcesBuildPhase;
			buildActionMask = 2147483647;
			files = (
				C63ACCAF1F9F83510021E849 /* ViewController.swift in Sources */,
				C63ACCAD1F9F83500021E849 /* AppDelegate.swift in Sources */,
			);
			runOnlyForDeploymentPostprocessing = 0;
		};
		C63ACCB91F9F83520021E849 /* Sources */ = {
			isa = PBXSourcesBuildPhase;
			buildActionMask = 2147483647;
			files = (
				C63ACCC21F9F83520021E849 /* Fleisig_Clara_cardWarTests.swift in Sources */,
			);
			runOnlyForDeploymentPostprocessing = 0;
		};
		C63ACCC41F9F83520021E849 /* Sources */ = {
			isa = PBXSourcesBuildPhase;
			buildActionMask = 2147483647;
			files = (
				C63ACCCD1F9F83520021E849 /* Fleisig_Clara_cardWarUITests.swift in Sources */,
			);
			runOnlyForDeploymentPostprocessing = 0;
		};
/* End PBXSourcesBuildPhase section */

/* Begin PBXTargetDependency section */
		C63ACCBF1F9F83520021E849 /* PBXTargetDependency */ = {
			isa = PBXTargetDependency;
			target = C63ACCA81F9F834E0021E849 /* Fleisig_Clara_cardWar */;
			targetProxy = C63ACCBE1F9F83520021E849 /* PBXContainerItemProxy */;
		};
		C63ACCCA1F9F83520021E849 /* PBXTargetDependency */ = {
			isa = PBXTargetDependency;
			target = C63ACCA81F9F834E0021E849 /* Fleisig_Clara_cardWar */;
			targetProxy = C63ACCC91F9F83520021E849 /* PBXContainerItemProxy */;
		};
/* End PBXTargetDependency section */

/* Begin PBXVariantGroup section */
		C63ACCB01F9F83510021E849 /* Main.storyboard */ = {
			isa = PBXVariantGroup;
			children = (
				C63ACCB11F9F83510021E849 /* Base */,
			);
			name = Main.storyboard;
			sourceTree = "<group>";
		};
		C63ACCB51F9F83520021E849 /* LaunchScreen.storyboard */ = {
			isa = PBXVariantGroup;
			children = (
				C63ACCB61F9F83520021E849 /* Base */,
			);
			name = LaunchScreen.storyboard;
			sourceTree = "<group>";
		};
/* End PBXVariantGroup section */

/* Begin XCBuildConfiguration section */
		C63ACCCF1F9F83520021E849 /* Debug */ = {
			isa = XCBuildConfiguration;
			buildSettings = {
				ALWAYS_SEARCH_USER_PATHS = NO;
				CLANG_ANALYZER_NONNULL = YES;
				CLANG_ANALYZER_NUMBER_OBJECT_CONVERSION = YES_AGGRESSIVE;
				CLANG_CXX_LANGUAGE_STANDARD = "gnu++14";
				CLANG_CXX_LIBRARY = "libc++";
				CLANG_ENABLE_MODULES = YES;
				CLANG_ENABLE_OBJC_ARC = YES;
				CLANG_WARN_BLOCK_CAPTURE_AUTORELEASING = YES;
				CLANG_WARN_BOOL_CONVERSION = YES;
				CLANG_WARN_COMMA = YES;
				CLANG_WARN_CONSTANT_CONVERSION = YES;
				CLANG_WARN_DIRECT_OBJC_ISA_USAGE = YES_ERROR;
				CLANG_WARN_DOCUMENTATION_COMMENTS = YES;
				CLANG_WARN_EMPTY_BODY = YES;
				CLANG_WARN_ENUM_CONVERSION = YES;
				CLANG_WARN_INFINITE_RECURSION = YES;
				CLANG_WARN_INT_CONVERSION = YES;
				CLANG_WARN_NON_LITERAL_NULL_CONVERSION = YES;
				CLANG_WARN_OBJC_LITERAL_CONVERSION = YES;
				CLANG_WARN_OBJC_ROOT_CLASS = YES_ERROR;
				CLANG_WARN_RANGE_LOOP_ANALYSIS = YES;
				CLANG_WARN_STRICT_PROTOTYPES = YES;
				CLANG_WARN_SUSPICIOUS_MOVE = YES;
				CLANG_WARN_UNGUARDED_AVAILABILITY = YES_AGGRESSIVE;
				CLANG_WARN_UNREACHABLE_CODE = YES;
				CLANG_WARN__DUPLICATE_METHOD_MATCH = YES;
				CODE_SIGN_IDENTITY = "iPhone Developer";
				COPY_PHASE_STRIP = NO;
				DEBUG_INFORMATION_FORMAT = dwarf;
				ENABLE_STRICT_OBJC_MSGSEND = YES;
				ENABLE_TESTABILITY = YES;
				GCC_C_LANGUAGE_STANDARD = gnu11;
				GCC_DYNAMIC_NO_PIC = NO;
				GCC_NO_COMMON_BLOCKS = YES;
				GCC_OPTIMIZATION_LEVEL = 0;
				GCC_PREPROCESSOR_DEFINITIONS = (
					"DEBUG=1",
					"$(inherited)",
				);
				GCC_WARN_64_TO_32_BIT_CONVERSION = YES;
				GCC_WARN_ABOUT_RETURN_TYPE = YES_ERROR;
				GCC_WARN_UNDECLARED_SELECTOR = YES;
				GCC_WARN_UNINITIALIZED_AUTOS = YES_AGGRESSIVE;
				GCC_WARN_UNUSED_FUNCTION = YES;
				GCC_WARN_UNUSED_VARIABLE = YES;
				IPHONEOS_DEPLOYMENT_TARGET = 11.0;
				MTL_ENABLE_DEBUG_INFO = YES;
				ONLY_ACTIVE_ARCH = YES;
				SDKROOT = iphoneos;
				SWIFT_ACTIVE_COMPILATION_CONDITIONS = DEBUG;
				SWIFT_OPTIMIZATION_LEVEL = "-Onone";
			};
			name = Debug;
		};
		C63ACCD01F9F83520021E849 /* Release */ = {
			isa = XCBuildConfiguration;
			buildSettings = {
				ALWAYS_SEARCH_USER_PATHS = NO;
				CLANG_ANALYZER_NONNULL = YES;
				CLANG_ANALYZER_NUMBER_OBJECT_CONVERSION = YES_AGGRESSIVE;
				CLANG_CXX_LANGUAGE_STANDARD = "gnu++14";
				CLANG_CXX_LIBRARY = "libc++";
				CLANG_ENABLE_MODULES = YES;
				CLANG_ENABLE_OBJC_ARC = YES;
				CLANG_WARN_BLOCK_CAPTURE_AUTORELEASING = YES;
				CLANG_WARN_BOOL_CONVERSION = YES;
				CLANG_WARN_COMMA = YES;
				CLANG_WARN_CONSTANT_CONVERSION = YES;
				CLANG_WARN_DIRECT_OBJC_ISA_USAGE = YES_ERROR;
				CLANG_WARN_DOCUMENTATION_COMMENTS = YES;
				CLANG_WARN_EMPTY_BODY = YES;
				CLANG_WARN_ENUM_CONVERSION = YES;
				CLANG_WARN_INFINITE_RECURSION = YES;
				CLANG_WARN_INT_CONVERSION = YES;
				CLANG_WARN_NON_LITERAL_NULL_CONVERSION = YES;
				CLANG_WARN_OBJC_LITERAL_CONVERSION = YES;
				CLANG_WARN_OBJC_ROOT_CLASS = YES_ERROR;
				CLANG_WARN_RANGE_LOOP_ANALYSIS = YES;
				CLANG_WARN_STRICT_PROTOTYPES = YES;
				CLANG_WARN_SUSPICIOUS_MOVE = YES;
				CLANG_WARN_UNGUARDED_AVAILABILITY = YES_AGGRESSIVE;
				CLANG_WARN_UNREACHABLE_CODE = YES;
				CLANG_WARN__DUPLICATE_METHOD_MATCH = YES;
				CODE_SIGN_IDENTITY = "iPhone Developer";
				COPY_PHASE_STRIP = NO;
				DEBUG_INFORMATION_FORMAT = "dwarf-with-dsym";
				ENABLE_NS_ASSERTIONS = NO;
				ENABLE_STRICT_OBJC_MSGSEND = YES;
				GCC_C_LANGUAGE_STANDARD = gnu11;
				GCC_NO_COMMON_BLOCKS = YES;
				GCC_WARN_64_TO_32_BIT_CONVERSION = YES;
				GCC_WARN_ABOUT_RETURN_TYPE = YES_ERROR;
				GCC_WARN_UNDECLARED_SELECTOR = YES;
				GCC_WARN_UNINITIALIZED_AUTOS = YES_AGGRESSIVE;
				GCC_WARN_UNUSED_FUNCTION = YES;
				GCC_WARN_UNUSED_VARIABLE = YES;
				IPHONEOS_DEPLOYMENT_TARGET = 11.0;
				MTL_ENABLE_DEBUG_INFO = NO;
				SDKROOT = iphoneos;
				SWIFT_OPTIMIZATION_LEVEL = "-Owholemodule";
				VALIDATE_PRODUCT = YES;
			};
			name = Release;
		};
		C63ACCD21F9F83520021E849 /* Debug */ = {
			isa = XCBuildConfiguration;
			buildSettings = {
				ASSETCATALOG_COMPILER_APPICON_NAME = AppIcon;
				CODE_SIGN_STYLE = Automatic;
				INFOPLIST_FILE = Fleisig_Clara_cardWar/Info.plist;
				LD_RUNPATH_SEARCH_PATHS = "$(inherited) @executable_path/Frameworks";
				PRODUCT_BUNDLE_IDENTIFIER = "Peridod-One.Fleisig-Clara-cardWar";
				PRODUCT_NAME = "$(TARGET_NAME)";
				SWIFT_VERSION = 4.0;
				TARGETED_DEVICE_FAMILY = "1,2";
			};
			name = Debug;
		};
		C63ACCD31F9F83520021E849 /* Release */ = {
			isa = XCBuildConfiguration;
			buildSettings = {
				ASSETCATALOG_COMPILER_APPICON_NAME = AppIcon;
				CODE_SIGN_STYLE = Automatic;
				INFOPLIST_FILE = Fleisig_Clara_cardWar/Info.plist;
				LD_RUNPATH_SEARCH_PATHS = "$(inherited) @executable_path/Frameworks";
				PRODUCT_BUNDLE_IDENTIFIER = "Peridod-One.Fleisig-Clara-cardWar";
				PRODUCT_NAME = "$(TARGET_NAME)";
				SWIFT_VERSION = 4.0;
				TARGETED_DEVICE_FAMILY = "1,2";
			};
			name = Release;
		};
		C63ACCD51F9F83520021E849 /* Debug */ = {
			isa = XCBuildConfiguration;
			buildSettings = {
				ALWAYS_EMBED_SWIFT_STANDARD_LIBRARIES = YES;
				BUNDLE_LOADER = "$(TEST_HOST)";
				CODE_SIGN_STYLE = Automatic;
				INFOPLIST_FILE = Fleisig_Clara_cardWarTests/Info.plist;
				LD_RUNPATH_SEARCH_PATHS = "$(inherited) @executable_path/Frameworks @loader_path/Frameworks";
				PRODUCT_BUNDLE_IDENTIFIER = "Peridod-One.Fleisig-Clara-cardWarTests";
				PRODUCT_NAME = "$(TARGET_NAME)";
				SWIFT_VERSION = 4.0;
				TARGETED_DEVICE_FAMILY = "1,2";
				TEST_HOST = "$(BUILT_PRODUCTS_DIR)/Fleisig_Clara_cardWar.app/Fleisig_Clara_cardWar";
			};
			name = Debug;
		};
		C63ACCD61F9F83520021E849 /* Release */ = {
			isa = XCBuildConfiguration;
			buildSettings = {
				ALWAYS_EMBED_SWIFT_STANDARD_LIBRARIES = YES;
				BUNDLE_LOADER = "$(TEST_HOST)";
				CODE_SIGN_STYLE = Automatic;
				INFOPLIST_FILE = Fleisig_Clara_cardWarTests/Info.plist;
				LD_RUNPATH_SEARCH_PATHS = "$(inherited) @executable_path/Frameworks @loader_path/Frameworks";
				PRODUCT_BUNDLE_IDENTIFIER = "Peridod-One.Fleisig-Clara-cardWarTests";
				PRODUCT_NAME = "$(TARGET_NAME)";
				SWIFT_VERSION = 4.0;
				TARGETED_DEVICE_FAMILY = "1,2";
				TEST_HOST = "$(BUILT_PRODUCTS_DIR)/Fleisig_Clara_cardWar.app/Fleisig_Clara_cardWar";
			};
			name = Release;
		};
		C63ACCD81F9F83520021E849 /* Debug */ = {
			isa = XCBuildConfiguration;
			buildSettings = {
				ALWAYS_EMBED_SWIFT_STANDARD_LIBRARIES = YES;
				CODE_SIGN_STYLE = Automatic;
				INFOPLIST_FILE = Fleisig_Clara_cardWarUITests/Info.plist;
				LD_RUNPATH_SEARCH_PATHS = "$(inherited) @executable_path/Frameworks @loader_path/Frameworks";
				PRODUCT_BUNDLE_IDENTIFIER = "Peridod-One.Fleisig-Clara-cardWarUITests";
				PRODUCT_NAME = "$(TARGET_NAME)";
				SWIFT_VERSION = 4.0;
				TARGETED_DEVICE_FAMILY = "1,2";
				TEST_TARGET_NAME = Fleisig_Clara_cardWar;
			};
			name = Debug;
		};
		C63ACCD91F9F83520021E849 /* Release */ = {
			isa = XCBuildConfiguration;
			buildSettings = {
				ALWAYS_EMBED_SWIFT_STANDARD_LIBRARIES = YES;
				CODE_SIGN_STYLE = Automatic;
				INFOPLIST_FILE = Fleisig_Clara_cardWarUITests/Info.plist;
				LD_RUNPATH_SEARCH_PATHS = "$(inherited) @executable_path/Frameworks @loader_path/Frameworks";
				PRODUCT_BUNDLE_IDENTIFIER = "Peridod-One.Fleisig-Clara-cardWarUITests";
				PRODUCT_NAME = "$(TARGET_NAME)";
				SWIFT_VERSION = 4.0;
				TARGETED_DEVICE_FAMILY = "1,2";
				TEST_TARGET_NAME = Fleisig_Clara_cardWar;
			};
			name = Release;
		};
/* End XCBuildConfiguration section */

/* Begin XCConfigurationList section */
		C63ACCA41F9F834E0021E849 /* Build configuration list for PBXProject "Fleisig_Clara_cardWar" */ = {
			isa = XCConfigurationList;
			buildConfigurations = (
				C63ACCCF1F9F83520021E849 /* Debug */,
				C63ACCD01F9F83520021E849 /* Release */,
			);
			defaultConfigurationIsVisible = 0;
			defaultConfigurationName = Release;
		};
		C63ACCD11F9F83520021E849 /* Build configuration list for PBXNativeTarget "Fleisig_Clara_cardWar" */ = {
			isa = XCConfigurationList;
			buildConfigurations = (
				C63ACCD21F9F83520021E849 /* Debug */,
				C63ACCD31F9F83520021E849 /* Release */,
			);
			defaultConfigurationIsVisible = 0;
			defaultConfigurationName = Release;
		};
		C63ACCD41F9F83520021E849 /* Build configuration list for PBXNativeTarget "Fleisig_Clara_cardWarTests" */ = {
			isa = XCConfigurationList;
			buildConfigurations = (
				C63ACCD51F9F83520021E849 /* Debug */,
				C63ACCD61F9F83520021E849 /* Release */,
			);
			defaultConfigurationIsVisible = 0;
			defaultConfigurationName = Release;
		};
		C63ACCD71F9F83520021E849 /* Build configuration list for PBXNativeTarget "Fleisig_Clara_cardWarUITests" */ = {
			isa = XCConfigurationList;
			buildConfigurations = (
				C63ACCD81F9F83520021E849 /* Debug */,
				C63ACCD91F9F83520021E849 /* Release */,
			);
			defaultConfigurationIsVisible = 0;
			defaultConfigurationName = Release;
		};
/* End XCConfigurationList section */
	};
	rootObject = C63ACCA11F9F834E0021E849 /* Project object */;
}
